
Microsoft Visual Studio Solution File, Format Version 12.00
# Visual Studio 15
VisualStudioVersion = 15.0.28307.271
MinimumVisualStudioVersion = 10.0.40219.1
Project("{9A19103F-16F7-4668-BE54-9A1E7A4F7556}") = "Xray.Tools.HttpToolsLib", "Xray.Tools.HttpToolsLib\Xray.Tools.HttpToolsLib.csproj", "{5CF45210-5F2E-4218-BD59-AEE3F40BC369}"
EndProject
Project("{9A19103F-16F7-4668-BE54-9A1E7A4F7556}") = "Xray.Demo.DotnetCore", "Xray.Demo.DotnetCore\Xray.Demo.DotnetCore.csproj", "{56E8B561-BFBB-4591-8F72-F597D8384014}"
EndProject
Project("{9A19103F-16F7-4668-BE54-9A1E7A4F7556}") = "Xray.Tools.ExtractLib", "Xray.Tools.ExtractLib\Xray.Tools.ExtractLib.csproj", "{DEBF61A9-23E4-4BBF-A427-F55C91FA0087}"
EndProject
Project("{9A19103F-16F7-4668-BE54-9A1E7A4F7556}") = "Xray.Tools.ScriptEngine", "Xray.Tools.ScriptEngine\Xray.Tools.ScriptEngine.csproj", "{132B5899-9F2B-4EBC-B780-50F77BBA679E}"
EndProject
Project("{9A19103F-16F7-4668-BE54-9A1E7A4F7556}") = "Xray.Tools.File", "Xray.Tools.File\Xray.Tools.File.csproj", "{78AFB29D-FB15-4AB4-BB32-1A6322C507DB}"
EndProject
Project("{9A19103F-16F7-4668-BE54-9A1E7A4F7556}") = "Xray.Tools.Microservices", "Xray.Tools.Microservices\Xray.Tools.Microservices.csproj", "{EA7ADEFA-EB84-493F-A54D-8BEE406DBCCB}"
EndProject
Project("{FAE04EC0-301F-11D3-BF4B-00C04F79EFBC}") = "Xray.Demo.Dotnet", "Xray.Demo.Dotnet\Xray.Demo.Dotnet.csproj", "{F9ED2FC4-3859-4243-8D77-897204C5BFFD}"
EndProject
Project("{9A19103F-16F7-4668-BE54-9A1E7A4F7556}") = "Xray.Tools.Excel", "Xray.Tools.Excel\Xray.Tools.Excel.csproj", "{B1B6699A-ACDF-4956-8D99-BE70DCC2058D}"
EndProject
Project("{FAE04EC0-301F-11D3-BF4B-00C04F79EFBC}") = "Xray.Tools.SpiderHelper", "Xray.Tools.SpiderHelper\Xray.Tools.SpiderHelper.csproj", "{146372BC-36A8-4C90-84D1-94553654D220}"
EndProject
Global
	GlobalSection(SolutionConfigurationPlatforms) = preSolution
		Debug|Any CPU = Debug|Any CPU
		Release|Any CPU = Release|Any CPU
	EndGlobalSection
	GlobalSection(ProjectConfigurationPlatforms) = postSolution
		{5CF45210-5F2E-4218-BD59-AEE3F40BC369}.Debug|Any CPU.ActiveCfg = Debug|Any CPU
		{5CF45210-5F2E-4218-BD59-AEE3F40BC369}.Debug|Any CPU.Build.0 = Debug|Any CPU
		{5CF45210-5F2E-4218-BD59-AEE3F40BC369}.Release|Any CPU.ActiveCfg = Release|Any CPU
		{5CF45210-5F2E-4218-BD59-AEE3F40BC369}.Release|Any CPU.Build.0 = Release|Any CPU
		{56E8B561-BFBB-4591-8F72-F597D8384014}.Debug|Any CPU.ActiveCfg = Debug|Any CPU
		{56E8B561-BFBB-4591-8F72-F597D8384014}.Debug|Any CPU.Build.0 = Debug|Any CPU
		{56E8B561-BFBB-4591-8F72-F597D8384014}.Release|Any CPU.ActiveCfg = Release|Any CPU
		{56E8B561-BFBB-4591-8F72-F597D8384014}.Release|Any CPU.Build.0 = Release|Any CPU
		{DEBF61A9-23E4-4BBF-A427-F55C91FA0087}.Debug|Any CPU.ActiveCfg = Debug|Any CPU
		{DEBF61A9-23E4-4BBF-A427-F55C91FA0087}.Debug|Any CPU.Build.0 = Debug|Any CPU
		{DEBF61A9-23E4-4BBF-A427-F55C91FA0087}.Release|Any CPU.ActiveCfg = Release|Any CPU
		{DEBF61A9-23E4-4BBF-A427-F55C91FA0087}.Release|Any CPU.Build.0 = Release|Any CPU
		{132B5899-9F2B-4EBC-B780-50F77BBA679E}.Debug|Any CPU.ActiveCfg = Debug|Any CPU
		{132B5899-9F2B-4EBC-B780-50F77BBA679E}.Debug|Any CPU.Build.0 = Debug|Any CPU
		{132B5899-9F2B-4EBC-B780-50F77BBA679E}.Release|Any CPU.ActiveCfg = Release|Any CPU
		{132B5899-9F2B-4EBC-B780-50F77BBA679E}.Release|Any CPU.Build.0 = Release|Any CPU
		{78AFB29D-FB15-4AB4-BB32-1A6322C507DB}.Debug|Any CPU.ActiveCfg = Debug|Any CPU
		{78AFB29D-FB15-4AB4-BB32-1A6322C507DB}.Debug|Any CPU.Build.0 = Debug|Any CPU
		{78AFB29D-FB15-4AB4-BB32-1A6322C507DB}.Release|Any CPU.ActiveCfg = Release|Any CPU
		{78AFB29D-FB15-4AB4-BB32-1A6322C507DB}.Release|Any CPU.Build.0 = Release|Any CPU
		{EA7ADEFA-EB84-493F-A54D-8BEE406DBCCB}.Debug|Any CPU.ActiveCfg = Debug|Any CPU
		{EA7ADEFA-EB84-493F-A54D-8BEE406DBCCB}.Debug|Any CPU.Build.0 = Debug|Any CPU
		{EA7ADEFA-EB84-493F-A54D-8BEE406DBCCB}.Release|Any CPU.ActiveCfg = Release|Any CPU
		{EA7ADEFA-EB84-493F-A54D-8BEE406DBCCB}.Release|Any CPU.Build.0 = Release|Any CPU
		{F9ED2FC4-3859-4243-8D77-897204C5BFFD}.Debug|Any CPU.ActiveCfg = Debug|Any CPU
		{F9ED2FC4-3859-4243-8D77-897204C5BFFD}.Debug|Any CPU.Build.0 = Debug|Any CPU
		{F9ED2FC4-3859-4243-8D77-897204C5BFFD}.Release|Any CPU.ActiveCfg = Release|Any CPU
		{F9ED2FC4-3859-4243-8D77-897204C5BFFD}.Release|Any CPU.Build.0 = Release|Any CPU
		{B1B6699A-ACDF-4956-8D99-BE70DCC2058D}.Debug|Any CPU.ActiveCfg = Debug|Any CPU
		{B1B6699A-ACDF-4956-8D99-BE70DCC2058D}.Debug|Any CPU.Build.0 = Debug|Any CPU
		{B1B6699A-ACDF-4956-8D99-BE70DCC2058D}.Release|Any CPU.ActiveCfg = Release|Any CPU
		{B1B6699A-ACDF-4956-8D99-BE70DCC2058D}.Release|Any CPU.Build.0 = Release|Any CPU
		{146372BC-36A8-4C90-84D1-94553654D220}.Debug|Any CPU.ActiveCfg = Debug|Any CPU
		{146372BC-36A8-4C90-84D1-94553654D220}.Debug|Any CPU.Build.0 = Debug|Any CPU
		{146372BC-36A8-4C90-84D1-94553654D220}.Release|Any CPU.ActiveCfg = Release|Any CPU
		{146372BC-36A8-4C90-84D1-94553654D220}.Release|Any CPU.Build.0 = Release|Any CPU
	EndGlobalSection
	GlobalSection(SolutionProperties) = preSolution
		HideSolutionNode = FALSE
	EndGlobalSection
	GlobalSection(ExtensibilityGlobals) = postSolution
		SolutionGuid = {32868A42-D4FB-413F-8617-DF288C735B32}
	EndGlobalSection
EndGlobal
